
Microsoft Visual Studio Solution File, Format Version 12.00
# Visual Studio Version 16
VisualStudioVersion = 16.0.31004.235
MinimumVisualStudioVersion = 10.0.40219.1
Project("{9A19103F-16F7-4668-BE54-9A1E7A4F7556}") = "GrTechRK.Database", "GrTechRK.Database\GrTechRK.Database.csproj", "{B9EA05B6-58F4-4508-A2BC-7FF76FD4CBF7}"
EndProject
Project("{9A19103F-16F7-4668-BE54-9A1E7A4F7556}") = "GrTechRK.DAL", "GrTechRK.DAL\GrTechRK.DAL.csproj", "{A47ED5B2-9F57-4FAF-A27F-2E55F340739C}"
EndProject
Project("{9A19103F-16F7-4668-BE54-9A1E7A4F7556}") = "GrTechRK.BSL", "GrTechRK.BSL\GrTechRK.BSL.csproj", "{5F78F8D4-761E-476F-8DE1-5893C6DDB85B}"
EndProject
Project("{9A19103F-16F7-4668-BE54-9A1E7A4F7556}") = "GrTechRK.WebApp", "GrTechRK.WebApp\GrTechRK.WebApp.csproj", "{953B10DA-E1B2-4BEC-9BAC-E01B56B75AE8}"
EndProject
Project("{9A19103F-16F7-4668-BE54-9A1E7A4F7556}") = "GrTechRK.DTO", "GrTechRK.DTO\GrTechRK.DTO.csproj", "{7359BB30-F7DF-408B-BE97-880B176D0B60}"
EndProject
Project("{FAE04EC0-301F-11D3-BF4B-00C04F79EFBC}") = "GrTechRK.External.ZenQuotes", "GrTechRK.External.ZenQuotes\GrTechRK.External.ZenQuotes.csproj", "{280356B8-6E55-46C9-890E-841FADB98F10}"
EndProject
Global
	GlobalSection(SolutionConfigurationPlatforms) = preSolution
		Debug|Any CPU = Debug|Any CPU
		Release|Any CPU = Release|Any CPU
	EndGlobalSection
	GlobalSection(ProjectConfigurationPlatforms) = postSolution
		{B9EA05B6-58F4-4508-A2BC-7FF76FD4CBF7}.Debug|Any CPU.ActiveCfg = Debug|Any CPU
		{B9EA05B6-58F4-4508-A2BC-7FF76FD4CBF7}.Debug|Any CPU.Build.0 = Debug|Any CPU
		{B9EA05B6-58F4-4508-A2BC-7FF76FD4CBF7}.Release|Any CPU.ActiveCfg = Release|Any CPU
		{B9EA05B6-58F4-4508-A2BC-7FF76FD4CBF7}.Release|Any CPU.Build.0 = Release|Any CPU
		{A47ED5B2-9F57-4FAF-A27F-2E55F340739C}.Debug|Any CPU.ActiveCfg = Debug|Any CPU
		{A47ED5B2-9F57-4FAF-A27F-2E55F340739C}.Debug|Any CPU.Build.0 = Debug|Any CPU
		{A47ED5B2-9F57-4FAF-A27F-2E55F340739C}.Release|Any CPU.ActiveCfg = Release|Any CPU
		{A47ED5B2-9F57-4FAF-A27F-2E55F340739C}.Release|Any CPU.Build.0 = Release|Any CPU
		{5F78F8D4-761E-476F-8DE1-5893C6DDB85B}.Debug|Any CPU.ActiveCfg = Debug|Any CPU
		{5F78F8D4-761E-476F-8DE1-5893C6DDB85B}.Debug|Any CPU.Build.0 = Debug|Any CPU
		{5F78F8D4-761E-476F-8DE1-5893C6DDB85B}.Release|Any CPU.ActiveCfg = Release|Any CPU
		{5F78F8D4-761E-476F-8DE1-5893C6DDB85B}.Release|Any CPU.Build.0 = Release|Any CPU
		{953B10DA-E1B2-4BEC-9BAC-E01B56B75AE8}.Debug|Any CPU.ActiveCfg = Debug|Any CPU
		{953B10DA-E1B2-4BEC-9BAC-E01B56B75AE8}.Debug|Any CPU.Build.0 = Debug|Any CPU
		{953B10DA-E1B2-4BEC-9BAC-E01B56B75AE8}.Release|Any CPU.ActiveCfg = Release|Any CPU
		{953B10DA-E1B2-4BEC-9BAC-E01B56B75AE8}.Release|Any CPU.Build.0 = Release|Any CPU
		{7359BB30-F7DF-408B-BE97-880B176D0B60}.Debug|Any CPU.ActiveCfg = Debug|Any CPU
		{7359BB30-F7DF-408B-BE97-880B176D0B60}.Debug|Any CPU.Build.0 = Debug|Any CPU
		{7359BB30-F7DF-408B-BE97-880B176D0B60}.Release|Any CPU.ActiveCfg = Release|Any CPU
		{7359BB30-F7DF-408B-BE97-880B176D0B60}.Release|Any CPU.Build.0 = Release|Any CPU
		{280356B8-6E55-46C9-890E-841FADB98F10}.Debug|Any CPU.ActiveCfg = Debug|Any CPU
		{280356B8-6E55-46C9-890E-841FADB98F10}.Debug|Any CPU.Build.0 = Debug|Any CPU
		{280356B8-6E55-46C9-890E-841FADB98F10}.Release|Any CPU.ActiveCfg = Release|Any CPU
		{280356B8-6E55-46C9-890E-841FADB98F10}.Release|Any CPU.Build.0 = Release|Any CPU
	EndGlobalSection
	GlobalSection(SolutionProperties) = preSolution
		HideSolutionNode = FALSE
	EndGlobalSection
	GlobalSection(ExtensibilityGlobals) = postSolution
		SolutionGuid = {EB34D016-A0D1-461F-8F06-1E7764D1F8FA}
	EndGlobalSection
EndGlobal
